
Microsoft Visual Studio Solution File, Format Version 12.00
# Visual Studio 14
VisualStudioVersion = 14.0.25420.1
MinimumVisualStudioVersion = 10.0.40219.1
Project("{FAE04EC0-301F-11D3-BF4B-00C04F79EFBC}") = "Example_Web", "Example_Web\Example_Web.csproj", "{EACD3A94-94FB-4886-ABE2-5A6B15FA2C0C}"
EndProject
Global
	GlobalSection(SolutionConfigurationPlatforms) = preSolution
		Debug|Any CPU = Debug|Any CPU
		Release|Any CPU = Release|Any CPU
	EndGlobalSection
	GlobalSection(ProjectConfigurationPlatforms) = postSolution
		{EACD3A94-94FB-4886-ABE2-5A6B15FA2C0C}.Debug|Any CPU.ActiveCfg = Debug|Any CPU
		{EACD3A94-94FB-4886-ABE2-5A6B15FA2C0C}.Debug|Any CPU.Build.0 = Debug|Any CPU
		{EACD3A94-94FB-4886-ABE2-5A6B15FA2C0C}.Release|Any CPU.ActiveCfg = Release|Any CPU
		{EACD3A94-94FB-4886-ABE2-5A6B15FA2C0C}.Release|Any CPU.Build.0 = Release|Any CPU
	EndGlobalSection
	GlobalSection(SolutionProperties) = preSolution
		HideSolutionNode = FALSE
	EndGlobalSection
EndGlobal
